
Microsoft Visual Studio Solution File, Format Version 12.00
# Visual Studio Version 16
VisualStudioVersion = 16.0.30804.86
MinimumVisualStudioVersion = 10.0.40219.1
Project("{FAE04EC0-301F-11D3-BF4B-00C04F79EFBC}") = "MyEchoApp", "MyEchoApp\MyEchoApp.csproj", "{7C15CF1A-2738-4CB3-BEF2-9C022D104184}"
EndProject
Project("{FAE04EC0-301F-11D3-BF4B-00C04F79EFBC}") = "FunctionApp1", "FunctionApp1\FunctionApp1.csproj", "{0D1ABFAC-6785-4F4D-AD2E-0C46A9297D8A}"
EndProject
Global
	GlobalSection(SolutionConfigurationPlatforms) = preSolution
		Debug|Any CPU = Debug|Any CPU
		Release|Any CPU = Release|Any CPU
	EndGlobalSection
	GlobalSection(ProjectConfigurationPlatforms) = postSolution
		{7C15CF1A-2738-4CB3-BEF2-9C022D104184}.Debug|Any CPU.ActiveCfg = Debug|Any CPU
		{7C15CF1A-2738-4CB3-BEF2-9C022D104184}.Debug|Any CPU.Build.0 = Debug|Any CPU
		{7C15CF1A-2738-4CB3-BEF2-9C022D104184}.Release|Any CPU.ActiveCfg = Release|Any CPU
		{7C15CF1A-2738-4CB3-BEF2-9C022D104184}.Release|Any CPU.Build.0 = Release|Any CPU
		{0D1ABFAC-6785-4F4D-AD2E-0C46A9297D8A}.Debug|Any CPU.ActiveCfg = Debug|Any CPU
		{0D1ABFAC-6785-4F4D-AD2E-0C46A9297D8A}.Debug|Any CPU.Build.0 = Debug|Any CPU
		{0D1ABFAC-6785-4F4D-AD2E-0C46A9297D8A}.Release|Any CPU.ActiveCfg = Release|Any CPU
		{0D1ABFAC-6785-4F4D-AD2E-0C46A9297D8A}.Release|Any CPU.Build.0 = Release|Any CPU
	EndGlobalSection
	GlobalSection(SolutionProperties) = preSolution
		HideSolutionNode = FALSE
	EndGlobalSection
	GlobalSection(ExtensibilityGlobals) = postSolution
		SolutionGuid = {9F0C315A-A703-465A-B59E-095A7B0F5D74}
	EndGlobalSection
EndGlobal
